
Microsoft Visual Studio Solution File, Format Version 12.00
# Visual Studio Version 17
VisualStudioVersion = 17.14.36705.20
MinimumVisualStudioVersion = 10.0.40219.1
Project("{FAE04EC0-301F-11D3-BF4B-00C04F79EFBC}") = "Ex1", "Ex1.csproj", "{D4686FF7-88DA-490B-B224-37DB9DFBFCB2}"
EndProject
Project("{FAE04EC0-301F-11D3-BF4B-00C04F79EFBC}") = "Ex2", "..\Ex2\Ex2.csproj", "{83E8F6EC-DE5F-4419-941B-E2F41A7ED4AD}"
EndProject
Project("{FAE04EC0-301F-11D3-BF4B-00C04F79EFBC}") = "Ex3", "..\Ex3\Ex3.csproj", "{094602E1-5211-49D4-9D2B-90A0B0F585E6}"
EndProject
Project("{FAE04EC0-301F-11D3-BF4B-00C04F79EFBC}") = "Ex4", "..\Ex4\Ex4.csproj", "{2CB8CFB9-AA5A-4E43-BBBC-B1F002F233B8}"
EndProject
Project("{FAE04EC0-301F-11D3-BF4B-00C04F79EFBC}") = "Ex5", "..\Ex5\Ex5.csproj", "{9429A3DB-3B4C-414D-BA0D-577F3482F4BC}"
EndProject
Global
	GlobalSection(SolutionConfigurationPlatforms) = preSolution
		Debug|Any CPU = Debug|Any CPU
		Release|Any CPU = Release|Any CPU
	EndGlobalSection
	GlobalSection(ProjectConfigurationPlatforms) = postSolution
		{D4686FF7-88DA-490B-B224-37DB9DFBFCB2}.Debug|Any CPU.ActiveCfg = Debug|Any CPU
		{D4686FF7-88DA-490B-B224-37DB9DFBFCB2}.Debug|Any CPU.Build.0 = Debug|Any CPU
		{D4686FF7-88DA-490B-B224-37DB9DFBFCB2}.Release|Any CPU.ActiveCfg = Release|Any CPU
		{D4686FF7-88DA-490B-B224-37DB9DFBFCB2}.Release|Any CPU.Build.0 = Release|Any CPU
		{83E8F6EC-DE5F-4419-941B-E2F41A7ED4AD}.Debug|Any CPU.ActiveCfg = Debug|Any CPU
		{83E8F6EC-DE5F-4419-941B-E2F41A7ED4AD}.Debug|Any CPU.Build.0 = Debug|Any CPU
		{83E8F6EC-DE5F-4419-941B-E2F41A7ED4AD}.Release|Any CPU.ActiveCfg = Release|Any CPU
		{83E8F6EC-DE5F-4419-941B-E2F41A7ED4AD}.Release|Any CPU.Build.0 = Release|Any CPU
		{094602E1-5211-49D4-9D2B-90A0B0F585E6}.Debug|Any CPU.ActiveCfg = Debug|Any CPU
		{094602E1-5211-49D4-9D2B-90A0B0F585E6}.Debug|Any CPU.Build.0 = Debug|Any CPU
		{094602E1-5211-49D4-9D2B-90A0B0F585E6}.Release|Any CPU.ActiveCfg = Release|Any CPU
		{094602E1-5211-49D4-9D2B-90A0B0F585E6}.Release|Any CPU.Build.0 = Release|Any CPU
		{2CB8CFB9-AA5A-4E43-BBBC-B1F002F233B8}.Debug|Any CPU.ActiveCfg = Debug|Any CPU
		{2CB8CFB9-AA5A-4E43-BBBC-B1F002F233B8}.Debug|Any CPU.Build.0 = Debug|Any CPU
		{2CB8CFB9-AA5A-4E43-BBBC-B1F002F233B8}.Release|Any CPU.ActiveCfg = Release|Any CPU
		{2CB8CFB9-AA5A-4E43-BBBC-B1F002F233B8}.Release|Any CPU.Build.0 = Release|Any CPU
		{9429A3DB-3B4C-414D-BA0D-577F3482F4BC}.Debug|Any CPU.ActiveCfg = Debug|Any CPU
		{9429A3DB-3B4C-414D-BA0D-577F3482F4BC}.Debug|Any CPU.Build.0 = Debug|Any CPU
		{9429A3DB-3B4C-414D-BA0D-577F3482F4BC}.Release|Any CPU.ActiveCfg = Release|Any CPU
		{9429A3DB-3B4C-414D-BA0D-577F3482F4BC}.Release|Any CPU.Build.0 = Release|Any CPU
	EndGlobalSection
	GlobalSection(SolutionProperties) = preSolution
		HideSolutionNode = FALSE
	EndGlobalSection
	GlobalSection(ExtensibilityGlobals) = postSolution
		SolutionGuid = {DBC7843E-E531-4263-A510-AA6AB4B07218}
	EndGlobalSection
EndGlobal
